
Microsoft Visual Studio Solution File, Format Version 12.00
# Visual Studio 15
VisualStudioVersion = 15.0.27130.2027
MinimumVisualStudioVersion = 10.0.40219.1
Project("{FAE04EC0-301F-11D3-BF4B-00C04F79EFBC}") = "AplusDizinProje", "AplusDizinProje\AplusDizinProje.csproj", "{1414C728-476A-457F-85DC-3077DA7E4174}"
EndProject
Global
	GlobalSection(SolutionConfigurationPlatforms) = preSolution
		Debug|Any CPU = Debug|Any CPU
		Release|Any CPU = Release|Any CPU
	EndGlobalSection
	GlobalSection(ProjectConfigurationPlatforms) = postSolution
		{1414C728-476A-457F-85DC-3077DA7E4174}.Debug|Any CPU.ActiveCfg = Debug|Any CPU
		{1414C728-476A-457F-85DC-3077DA7E4174}.Debug|Any CPU.Build.0 = Debug|Any CPU
		{1414C728-476A-457F-85DC-3077DA7E4174}.Release|Any CPU.ActiveCfg = Release|Any CPU
		{1414C728-476A-457F-85DC-3077DA7E4174}.Release|Any CPU.Build.0 = Release|Any CPU
	EndGlobalSection
	GlobalSection(SolutionProperties) = preSolution
		HideSolutionNode = FALSE
	EndGlobalSection
	GlobalSection(ExtensibilityGlobals) = postSolution
		SolutionGuid = {047B6940-AEE1-465C-98E9-04D8E84AD5FD}
	EndGlobalSection
EndGlobal
